
Microsoft Visual Studio Solution File, Format Version 12.00
# Visual Studio 2012
# SharpDevelop 5.2
VisualStudioVersion = 12.0.20827.3
MinimumVisualStudioVersion = 10.0.40219.1
Project("{2150E333-8FDC-42A3-9474-1A3956D46DE8}") = "WPF", "WPF", "{DD85DC8B-C1C4-4728-B66B-F9A76C3C33F8}"
EndProject
Project("{FAE04EC0-301F-11D3-BF4B-00C04F79EFBC}") = "Gen.App", "..\.src-tool\Gen.App.csproj", "{B29A02FB-0D40-401C-8005-2B2A6B86AFFA}"
EndProject
Project("{FAE04EC0-301F-11D3-BF4B-00C04F79EFBC}") = "gen.lib", "..\.src-lib\gen.lib.csproj", "{A07EE6F0-10F1-44B4-98B0-705634F22510}"
EndProject
Project("{FAE04EC0-301F-11D3-BF4B-00C04F79EFBC}") = "gen-client35", "..\.src-lib\gen-client35.csproj", "{53FB8C4C-AF75-46FF-8357-DE7E130FE5FA}"
EndProject
Project("{2150E333-8FDC-42A3-9474-1A3956D46DE8}") = "net35-Client", "net35-Client", "{800A49BA-9884-4498-9C34-5E4421743D13}"
EndProject
Project("{FAE04EC0-301F-11D3-BF4B-00C04F79EFBC}") = "libgen", "..\.src-lib\libgen.csproj", "{44644892-9E95-44E1-B3A8-CBAD3D68DC14}"
EndProject
Project("{FAE04EC0-301F-11D3-BF4B-00C04F79EFBC}") = "gen", "..\.src-lib\gen.csproj", "{628A05D7-2732-4A7E-B91E-666BD2C7B00A}"
EndProject
Global
	GlobalSection(SolutionConfigurationPlatforms) = preSolution
		Debug|Win32 = Debug|Win32
		Debug|Win64 = Debug|Win64
		Debug|Any CPU = Debug|Any CPU
		Release|Win32 = Release|Win32
		Release|Win64 = Release|Win64
		Release|Any CPU = Release|Any CPU
	EndGlobalSection
	GlobalSection(ProjectConfigurationPlatforms) = postSolution
		{B29A02FB-0D40-401C-8005-2B2A6B86AFFA}.Debug|Win32.ActiveCfg = Debug|Win32
		{B29A02FB-0D40-401C-8005-2B2A6B86AFFA}.Debug|Win32.Build.0 = Debug|Win32
		{B29A02FB-0D40-401C-8005-2B2A6B86AFFA}.Debug|Win64.ActiveCfg = Debug|Win64
		{B29A02FB-0D40-401C-8005-2B2A6B86AFFA}.Debug|Win64.Build.0 = Debug|Win64
		{B29A02FB-0D40-401C-8005-2B2A6B86AFFA}.Debug|Any CPU.ActiveCfg = Debug|Win32
		{B29A02FB-0D40-401C-8005-2B2A6B86AFFA}.Debug|Any CPU.Build.0 = Debug|Win32
		{B29A02FB-0D40-401C-8005-2B2A6B86AFFA}.Release|Win32.ActiveCfg = Release|Win32
		{B29A02FB-0D40-401C-8005-2B2A6B86AFFA}.Release|Win32.Build.0 = Release|Win32
		{B29A02FB-0D40-401C-8005-2B2A6B86AFFA}.Release|Win64.ActiveCfg = Release|Win64
		{B29A02FB-0D40-401C-8005-2B2A6B86AFFA}.Release|Win64.Build.0 = Release|Win64
		{B29A02FB-0D40-401C-8005-2B2A6B86AFFA}.Release|Any CPU.ActiveCfg = Release|Any CPU
		{B29A02FB-0D40-401C-8005-2B2A6B86AFFA}.Release|Any CPU.Build.0 = Release|Any CPU
		{A07EE6F0-10F1-44B4-98B0-705634F22510}.Debug|Win32.ActiveCfg = Debug|Win32
		{A07EE6F0-10F1-44B4-98B0-705634F22510}.Debug|Win32.Build.0 = Debug|Win32
		{A07EE6F0-10F1-44B4-98B0-705634F22510}.Debug|Win64.ActiveCfg = Debug|Win64
		{A07EE6F0-10F1-44B4-98B0-705634F22510}.Debug|Win64.Build.0 = Debug|Win64
		{A07EE6F0-10F1-44B4-98B0-705634F22510}.Debug|Any CPU.ActiveCfg = Debug|Win32
		{A07EE6F0-10F1-44B4-98B0-705634F22510}.Debug|Any CPU.Build.0 = Debug|Win32
		{A07EE6F0-10F1-44B4-98B0-705634F22510}.Release|Win32.ActiveCfg = Release|Win32
		{A07EE6F0-10F1-44B4-98B0-705634F22510}.Release|Win32.Build.0 = Release|Win32
		{A07EE6F0-10F1-44B4-98B0-705634F22510}.Release|Win64.ActiveCfg = Release|Win64
		{A07EE6F0-10F1-44B4-98B0-705634F22510}.Release|Win64.Build.0 = Release|Win64
		{A07EE6F0-10F1-44B4-98B0-705634F22510}.Release|Any CPU.ActiveCfg = Release|Any CPU
		{A07EE6F0-10F1-44B4-98B0-705634F22510}.Release|Any CPU.Build.0 = Release|Any CPU
		{53FB8C4C-AF75-46FF-8357-DE7E130FE5FA}.Debug|Win32.ActiveCfg = Debug|Win32
		{53FB8C4C-AF75-46FF-8357-DE7E130FE5FA}.Debug|Win32.Build.0 = Debug|Win32
		{53FB8C4C-AF75-46FF-8357-DE7E130FE5FA}.Debug|Win64.ActiveCfg = Debug|Win64
		{53FB8C4C-AF75-46FF-8357-DE7E130FE5FA}.Debug|Win64.Build.0 = Debug|Win64
		{53FB8C4C-AF75-46FF-8357-DE7E130FE5FA}.Debug|Any CPU.ActiveCfg = Debug|Win32
		{53FB8C4C-AF75-46FF-8357-DE7E130FE5FA}.Debug|Any CPU.Build.0 = Debug|Win32
		{53FB8C4C-AF75-46FF-8357-DE7E130FE5FA}.Release|Win32.ActiveCfg = Release|Win32
		{53FB8C4C-AF75-46FF-8357-DE7E130FE5FA}.Release|Win32.Build.0 = Release|Win32
		{53FB8C4C-AF75-46FF-8357-DE7E130FE5FA}.Release|Win64.ActiveCfg = Release|Win64
		{53FB8C4C-AF75-46FF-8357-DE7E130FE5FA}.Release|Win64.Build.0 = Release|Win64
		{53FB8C4C-AF75-46FF-8357-DE7E130FE5FA}.Release|Any CPU.ActiveCfg = Release|Any CPU
		{53FB8C4C-AF75-46FF-8357-DE7E130FE5FA}.Release|Any CPU.Build.0 = Release|Any CPU
		{44644892-9E95-44E1-B3A8-CBAD3D68DC14}.Debug|Win32.ActiveCfg = Debug|Win32
		{44644892-9E95-44E1-B3A8-CBAD3D68DC14}.Debug|Win32.Build.0 = Debug|Win32
		{44644892-9E95-44E1-B3A8-CBAD3D68DC14}.Debug|Win64.ActiveCfg = Debug|Win64
		{44644892-9E95-44E1-B3A8-CBAD3D68DC14}.Debug|Win64.Build.0 = Debug|Win64
		{44644892-9E95-44E1-B3A8-CBAD3D68DC14}.Debug|Any CPU.ActiveCfg = Debug|Win32
		{44644892-9E95-44E1-B3A8-CBAD3D68DC14}.Debug|Any CPU.Build.0 = Debug|Win32
		{44644892-9E95-44E1-B3A8-CBAD3D68DC14}.Release|Win32.ActiveCfg = Release|Win32
		{44644892-9E95-44E1-B3A8-CBAD3D68DC14}.Release|Win32.Build.0 = Release|Win32
		{44644892-9E95-44E1-B3A8-CBAD3D68DC14}.Release|Win64.ActiveCfg = Release|Win64
		{44644892-9E95-44E1-B3A8-CBAD3D68DC14}.Release|Win64.Build.0 = Release|Win64
		{44644892-9E95-44E1-B3A8-CBAD3D68DC14}.Release|Any CPU.ActiveCfg = Release|Any CPU
		{44644892-9E95-44E1-B3A8-CBAD3D68DC14}.Release|Any CPU.Build.0 = Release|Any CPU
		{628A05D7-2732-4A7E-B91E-666BD2C7B00A}.Debug|Win32.ActiveCfg = Debug|Win32
		{628A05D7-2732-4A7E-B91E-666BD2C7B00A}.Debug|Win32.Build.0 = Debug|Win32
		{628A05D7-2732-4A7E-B91E-666BD2C7B00A}.Debug|Win64.ActiveCfg = Debug|Win64
		{628A05D7-2732-4A7E-B91E-666BD2C7B00A}.Debug|Win64.Build.0 = Debug|Win64
		{628A05D7-2732-4A7E-B91E-666BD2C7B00A}.Debug|Any CPU.ActiveCfg = Debug|Win32
		{628A05D7-2732-4A7E-B91E-666BD2C7B00A}.Debug|Any CPU.Build.0 = Debug|Win32
		{628A05D7-2732-4A7E-B91E-666BD2C7B00A}.Release|Win32.ActiveCfg = Release|Win32
		{628A05D7-2732-4A7E-B91E-666BD2C7B00A}.Release|Win32.Build.0 = Release|Win32
		{628A05D7-2732-4A7E-B91E-666BD2C7B00A}.Release|Win64.ActiveCfg = Release|Win64
		{628A05D7-2732-4A7E-B91E-666BD2C7B00A}.Release|Win64.Build.0 = Release|Win64
		{628A05D7-2732-4A7E-B91E-666BD2C7B00A}.Release|Any CPU.ActiveCfg = Release|Any CPU
		{628A05D7-2732-4A7E-B91E-666BD2C7B00A}.Release|Any CPU.Build.0 = Release|Any CPU
	EndGlobalSection
	GlobalSection(NestedProjects) = preSolution
		{B29A02FB-0D40-401C-8005-2B2A6B86AFFA} = {DD85DC8B-C1C4-4728-B66B-F9A76C3C33F8}
		{A07EE6F0-10F1-44B4-98B0-705634F22510} = {DD85DC8B-C1C4-4728-B66B-F9A76C3C33F8}
		{44644892-9E95-44E1-B3A8-CBAD3D68DC14} = {800A49BA-9884-4498-9C34-5E4421743D13}
		{628A05D7-2732-4A7E-B91E-666BD2C7B00A} = {800A49BA-9884-4498-9C34-5E4421743D13}
	EndGlobalSection
EndGlobal
